
Microsoft Visual Studio Solution File, Format Version 12.00
# Visual Studio Version 17
VisualStudioVersion = 17.3.32929.385
MinimumVisualStudioVersion = 10.0.40219.1
Project("{F184B08F-C81C-45F6-A57F-5ABD9991F28F}") = "P8_Chinook", "P8_Chinook\P8_Chinook.vbproj", "{A3D2FDF8-94D2-44D8-93DE-CD4D98B2B35E}"
EndProject
Global
	GlobalSection(SolutionConfigurationPlatforms) = preSolution
		Debug|Any CPU = Debug|Any CPU
		Release|Any CPU = Release|Any CPU
	EndGlobalSection
	GlobalSection(ProjectConfigurationPlatforms) = postSolution
		{A3D2FDF8-94D2-44D8-93DE-CD4D98B2B35E}.Debug|Any CPU.ActiveCfg = Debug|Any CPU
		{A3D2FDF8-94D2-44D8-93DE-CD4D98B2B35E}.Debug|Any CPU.Build.0 = Debug|Any CPU
		{A3D2FDF8-94D2-44D8-93DE-CD4D98B2B35E}.Release|Any CPU.ActiveCfg = Release|Any CPU
		{A3D2FDF8-94D2-44D8-93DE-CD4D98B2B35E}.Release|Any CPU.Build.0 = Release|Any CPU
	EndGlobalSection
	GlobalSection(SolutionProperties) = preSolution
		HideSolutionNode = FALSE
	EndGlobalSection
	GlobalSection(ExtensibilityGlobals) = postSolution
		SolutionGuid = {3DBF98E3-97E4-4ECA-A0CD-B66148724320}
	EndGlobalSection
EndGlobal
